
Microsoft Visual Studio Solution File, Format Version 12.00
# Visual Studio Version 16
VisualStudioVersion = 16.0.29409.12
MinimumVisualStudioVersion = 10.0.40219.1
Project("{F184B08F-C81C-45F6-A57F-5ABD9991F28F}") = "Sample", "Sample\Sample.vbproj", "{8D0D1DAD-274A-457A-9575-F6D706CC82CD}"
EndProject
Project("{2150E333-8FDC-42A3-9474-1A3956D46DE8}") = "Solution Items", "Solution Items", "{68F5F447-BFF2-4185-A5DB-41D4EE8F521D}"
	ProjectSection(SolutionItems) = preProject
		README.md = README.md
	EndProjectSection
EndProject
Project("{F184B08F-C81C-45F6-A57F-5ABD9991F28F}") = "Designer", "Designer\Designer.vbproj", "{4F7091D7-D395-482B-97F9-294F3A02A755}"
EndProject
Project("{FAE04EC0-301F-11D3-BF4B-00C04F79EFBC}") = "DesignerCSharp", "DesignerCSharp\DesignerCSharp.csproj", "{1A4F97A7-E557-469A-AB3A-BBEF0E39F8CC}"
EndProject
Project("{F184B08F-C81C-45F6-A57F-5ABD9991F28F}") = "Lifecycle", "Lifecycle\Lifecycle.vbproj", "{2EC3DBE7-E076-4DAF-8D05-0879A7DEE354}"
EndProject
Project("{F184B08F-C81C-45F6-A57F-5ABD9991F28F}") = "Dialog", "Dialog\Dialog.vbproj", "{5F0AC07F-12FD-45B9-80C0-1E91E720B76E}"
EndProject
Project("{F184B08F-C81C-45F6-A57F-5ABD9991F28F}") = "MenuToolbarsSample", "MenuToolbarsSample\MenuToolbarsSample.vbproj", "{25D4ADAE-DB95-4F2E-B484-B539400877DE}"
EndProject
Project("{F184B08F-C81C-45F6-A57F-5ABD9991F28F}") = "UserControlsSample", "UserControls\UserControlsSample.vbproj", "{335B8152-352D-4896-84F1-5CCD7799B7DA}"
EndProject
Project("{F184B08F-C81C-45F6-A57F-5ABD9991F28F}") = "MDISample", "MDISample\MDISample.vbproj", "{53BDB9B1-2E17-4357-89C6-682CA3724525}"
EndProject
Project("{F184B08F-C81C-45F6-A57F-5ABD9991F28F}") = "SDISample", "SDISample\SDISample.vbproj", "{7ECE9B9E-36DA-4937-9517-68D838917847}"
EndProject
Project("{FAE04EC0-301F-11D3-BF4B-00C04F79EFBC}") = "SDICSharp", "SDICSharp\SDICSharp.csproj", "{49E06817-C374-4828-B982-B61932B58A4B}"
EndProject
Project("{F184B08F-C81C-45F6-A57F-5ABD9991F28F}") = "Explorer", "Explorer\Explorer.vbproj", "{EF72BE86-ED78-4EBF-9F3F-2F9A1E61C66E}"
EndProject
Project("{F184B08F-C81C-45F6-A57F-5ABD9991F28F}") = "Data", "Data\Data.vbproj", "{BF649795-3C9B-47EF-960F-FB0E6B0DDBFB}"
EndProject
Project("{F184B08F-C81C-45F6-A57F-5ABD9991F28F}") = "WordSample", "WordSample\WordSample.vbproj", "{1369BEE0-278E-4676-B2BE-D890727E39D2}"
EndProject
Project("{F184B08F-C81C-45F6-A57F-5ABD9991F28F}") = "WordSampleNuget", "WordSampleNuget\WordSampleNuget.vbproj", "{5ACF85F0-28E4-493F-BDF6-1E7329976DEC}"
EndProject
Project("{F184B08F-C81C-45F6-A57F-5ABD9991F28F}") = "DevExpressSample", "DevExpressSample\DevExpressSample.vbproj", "{A5EA0B84-8742-4ECC-A75B-CB76CBA283B6}"
EndProject
Project("{F184B08F-C81C-45F6-A57F-5ABD9991F28F}") = "DXApplication1", "DXApplication1\DXApplication1\DXApplication1.vbproj", "{F3C27D49-1FC0-4953-91C7-72D1432C579C}"
EndProject
Global
	GlobalSection(SolutionConfigurationPlatforms) = preSolution
		Debug|Any CPU = Debug|Any CPU
		Release|Any CPU = Release|Any CPU
	EndGlobalSection
	GlobalSection(ProjectConfigurationPlatforms) = postSolution
		{8D0D1DAD-274A-457A-9575-F6D706CC82CD}.Debug|Any CPU.ActiveCfg = Debug|Any CPU
		{8D0D1DAD-274A-457A-9575-F6D706CC82CD}.Debug|Any CPU.Build.0 = Debug|Any CPU
		{8D0D1DAD-274A-457A-9575-F6D706CC82CD}.Release|Any CPU.ActiveCfg = Release|Any CPU
		{8D0D1DAD-274A-457A-9575-F6D706CC82CD}.Release|Any CPU.Build.0 = Release|Any CPU
		{4F7091D7-D395-482B-97F9-294F3A02A755}.Debug|Any CPU.ActiveCfg = Debug|Any CPU
		{4F7091D7-D395-482B-97F9-294F3A02A755}.Debug|Any CPU.Build.0 = Debug|Any CPU
		{4F7091D7-D395-482B-97F9-294F3A02A755}.Release|Any CPU.ActiveCfg = Release|Any CPU
		{4F7091D7-D395-482B-97F9-294F3A02A755}.Release|Any CPU.Build.0 = Release|Any CPU
		{1A4F97A7-E557-469A-AB3A-BBEF0E39F8CC}.Debug|Any CPU.ActiveCfg = Debug|Any CPU
		{1A4F97A7-E557-469A-AB3A-BBEF0E39F8CC}.Debug|Any CPU.Build.0 = Debug|Any CPU
		{1A4F97A7-E557-469A-AB3A-BBEF0E39F8CC}.Release|Any CPU.ActiveCfg = Release|Any CPU
		{1A4F97A7-E557-469A-AB3A-BBEF0E39F8CC}.Release|Any CPU.Build.0 = Release|Any CPU
		{2EC3DBE7-E076-4DAF-8D05-0879A7DEE354}.Debug|Any CPU.ActiveCfg = Debug|Any CPU
		{2EC3DBE7-E076-4DAF-8D05-0879A7DEE354}.Debug|Any CPU.Build.0 = Debug|Any CPU
		{2EC3DBE7-E076-4DAF-8D05-0879A7DEE354}.Release|Any CPU.ActiveCfg = Release|Any CPU
		{2EC3DBE7-E076-4DAF-8D05-0879A7DEE354}.Release|Any CPU.Build.0 = Release|Any CPU
		{5F0AC07F-12FD-45B9-80C0-1E91E720B76E}.Debug|Any CPU.ActiveCfg = Debug|Any CPU
		{5F0AC07F-12FD-45B9-80C0-1E91E720B76E}.Debug|Any CPU.Build.0 = Debug|Any CPU
		{5F0AC07F-12FD-45B9-80C0-1E91E720B76E}.Release|Any CPU.ActiveCfg = Release|Any CPU
		{5F0AC07F-12FD-45B9-80C0-1E91E720B76E}.Release|Any CPU.Build.0 = Release|Any CPU
		{25D4ADAE-DB95-4F2E-B484-B539400877DE}.Debug|Any CPU.ActiveCfg = Debug|Any CPU
		{25D4ADAE-DB95-4F2E-B484-B539400877DE}.Debug|Any CPU.Build.0 = Debug|Any CPU
		{25D4ADAE-DB95-4F2E-B484-B539400877DE}.Release|Any CPU.ActiveCfg = Release|Any CPU
		{25D4ADAE-DB95-4F2E-B484-B539400877DE}.Release|Any CPU.Build.0 = Release|Any CPU
		{335B8152-352D-4896-84F1-5CCD7799B7DA}.Debug|Any CPU.ActiveCfg = Debug|Any CPU
		{335B8152-352D-4896-84F1-5CCD7799B7DA}.Debug|Any CPU.Build.0 = Debug|Any CPU
		{335B8152-352D-4896-84F1-5CCD7799B7DA}.Release|Any CPU.ActiveCfg = Release|Any CPU
		{335B8152-352D-4896-84F1-5CCD7799B7DA}.Release|Any CPU.Build.0 = Release|Any CPU
		{53BDB9B1-2E17-4357-89C6-682CA3724525}.Debug|Any CPU.ActiveCfg = Debug|Any CPU
		{53BDB9B1-2E17-4357-89C6-682CA3724525}.Debug|Any CPU.Build.0 = Debug|Any CPU
		{53BDB9B1-2E17-4357-89C6-682CA3724525}.Release|Any CPU.ActiveCfg = Release|Any CPU
		{53BDB9B1-2E17-4357-89C6-682CA3724525}.Release|Any CPU.Build.0 = Release|Any CPU
		{7ECE9B9E-36DA-4937-9517-68D838917847}.Debug|Any CPU.ActiveCfg = Debug|Any CPU
		{7ECE9B9E-36DA-4937-9517-68D838917847}.Debug|Any CPU.Build.0 = Debug|Any CPU
		{7ECE9B9E-36DA-4937-9517-68D838917847}.Release|Any CPU.ActiveCfg = Release|Any CPU
		{7ECE9B9E-36DA-4937-9517-68D838917847}.Release|Any CPU.Build.0 = Release|Any CPU
		{49E06817-C374-4828-B982-B61932B58A4B}.Debug|Any CPU.ActiveCfg = Debug|Any CPU
		{49E06817-C374-4828-B982-B61932B58A4B}.Debug|Any CPU.Build.0 = Debug|Any CPU
		{49E06817-C374-4828-B982-B61932B58A4B}.Release|Any CPU.ActiveCfg = Release|Any CPU
		{49E06817-C374-4828-B982-B61932B58A4B}.Release|Any CPU.Build.0 = Release|Any CPU
		{EF72BE86-ED78-4EBF-9F3F-2F9A1E61C66E}.Debug|Any CPU.ActiveCfg = Debug|Any CPU
		{EF72BE86-ED78-4EBF-9F3F-2F9A1E61C66E}.Debug|Any CPU.Build.0 = Debug|Any CPU
		{EF72BE86-ED78-4EBF-9F3F-2F9A1E61C66E}.Release|Any CPU.ActiveCfg = Release|Any CPU
		{EF72BE86-ED78-4EBF-9F3F-2F9A1E61C66E}.Release|Any CPU.Build.0 = Release|Any CPU
		{BF649795-3C9B-47EF-960F-FB0E6B0DDBFB}.Debug|Any CPU.ActiveCfg = Debug|Any CPU
		{BF649795-3C9B-47EF-960F-FB0E6B0DDBFB}.Debug|Any CPU.Build.0 = Debug|Any CPU
		{BF649795-3C9B-47EF-960F-FB0E6B0DDBFB}.Release|Any CPU.ActiveCfg = Release|Any CPU
		{BF649795-3C9B-47EF-960F-FB0E6B0DDBFB}.Release|Any CPU.Build.0 = Release|Any CPU
		{1369BEE0-278E-4676-B2BE-D890727E39D2}.Debug|Any CPU.ActiveCfg = Debug|Any CPU
		{1369BEE0-278E-4676-B2BE-D890727E39D2}.Debug|Any CPU.Build.0 = Debug|Any CPU
		{1369BEE0-278E-4676-B2BE-D890727E39D2}.Release|Any CPU.ActiveCfg = Release|Any CPU
		{1369BEE0-278E-4676-B2BE-D890727E39D2}.Release|Any CPU.Build.0 = Release|Any CPU
		{5ACF85F0-28E4-493F-BDF6-1E7329976DEC}.Debug|Any CPU.ActiveCfg = Debug|Any CPU
		{5ACF85F0-28E4-493F-BDF6-1E7329976DEC}.Debug|Any CPU.Build.0 = Debug|Any CPU
		{5ACF85F0-28E4-493F-BDF6-1E7329976DEC}.Release|Any CPU.ActiveCfg = Release|Any CPU
		{5ACF85F0-28E4-493F-BDF6-1E7329976DEC}.Release|Any CPU.Build.0 = Release|Any CPU
		{A5EA0B84-8742-4ECC-A75B-CB76CBA283B6}.Debug|Any CPU.ActiveCfg = Debug|Any CPU
		{A5EA0B84-8742-4ECC-A75B-CB76CBA283B6}.Debug|Any CPU.Build.0 = Debug|Any CPU
		{A5EA0B84-8742-4ECC-A75B-CB76CBA283B6}.Release|Any CPU.ActiveCfg = Release|Any CPU
		{A5EA0B84-8742-4ECC-A75B-CB76CBA283B6}.Release|Any CPU.Build.0 = Release|Any CPU
		{F3C27D49-1FC0-4953-91C7-72D1432C579C}.Debug|Any CPU.ActiveCfg = Debug|Any CPU
		{F3C27D49-1FC0-4953-91C7-72D1432C579C}.Debug|Any CPU.Build.0 = Debug|Any CPU
		{F3C27D49-1FC0-4953-91C7-72D1432C579C}.Release|Any CPU.ActiveCfg = Release|Any CPU
		{F3C27D49-1FC0-4953-91C7-72D1432C579C}.Release|Any CPU.Build.0 = Release|Any CPU
	EndGlobalSection
	GlobalSection(SolutionProperties) = preSolution
		HideSolutionNode = FALSE
	EndGlobalSection
	GlobalSection(ExtensibilityGlobals) = postSolution
		SolutionGuid = {517FE613-AA02-4B2F-97A6-CB07F6A10C5E}
	EndGlobalSection
EndGlobal
