
Microsoft Visual Studio Solution File, Format Version 12.00
# Visual Studio Version 16
VisualStudioVersion = 16.0.29409.12
MinimumVisualStudioVersion = 10.0.40219.1
Project("{F184B08F-C81C-45F6-A57F-5ABD9991F28F}") = "Sample", "Sample\Sample.vbproj", "{8D0D1DAD-274A-457A-9575-F6D706CC82CD}"
EndProject
Project("{2150E333-8FDC-42A3-9474-1A3956D46DE8}") = "Solution Items", "Solution Items", "{68F5F447-BFF2-4185-A5DB-41D4EE8F521D}"
	ProjectSection(SolutionItems) = preProject
		README.md = README.md
	EndProjectSection
EndProject
Project("{F184B08F-C81C-45F6-A57F-5ABD9991F28F}") = "Designer", "Designer\Designer.vbproj", "{4F7091D7-D395-482B-97F9-294F3A02A755}"
EndProject
Project("{FAE04EC0-301F-11D3-BF4B-00C04F79EFBC}") = "DesignerCSharp", "DesignerCSharp\DesignerCSharp.csproj", "{1A4F97A7-E557-469A-AB3A-BBEF0E39F8CC}"
EndProject
Project("{F184B08F-C81C-45F6-A57F-5ABD9991F28F}") = "Lifecycle", "Lifecycle\Lifecycle.vbproj", "{2EC3DBE7-E076-4DAF-8D05-0879A7DEE354}"
EndProject
Project("{F184B08F-C81C-45F6-A57F-5ABD9991F28F}") = "Dialog", "Dialog\Dialog.vbproj", "{5F0AC07F-12FD-45B9-80C0-1E91E720B76E}"
EndProject
Global
	GlobalSection(SolutionConfigurationPlatforms) = preSolution
		Debug|Any CPU = Debug|Any CPU
		Release|Any CPU = Release|Any CPU
	EndGlobalSection
	GlobalSection(ProjectConfigurationPlatforms) = postSolution
		{8D0D1DAD-274A-457A-9575-F6D706CC82CD}.Debug|Any CPU.ActiveCfg = Debug|Any CPU
		{8D0D1DAD-274A-457A-9575-F6D706CC82CD}.Debug|Any CPU.Build.0 = Debug|Any CPU
		{8D0D1DAD-274A-457A-9575-F6D706CC82CD}.Release|Any CPU.ActiveCfg = Release|Any CPU
		{8D0D1DAD-274A-457A-9575-F6D706CC82CD}.Release|Any CPU.Build.0 = Release|Any CPU
		{4F7091D7-D395-482B-97F9-294F3A02A755}.Debug|Any CPU.ActiveCfg = Debug|Any CPU
		{4F7091D7-D395-482B-97F9-294F3A02A755}.Debug|Any CPU.Build.0 = Debug|Any CPU
		{4F7091D7-D395-482B-97F9-294F3A02A755}.Release|Any CPU.ActiveCfg = Release|Any CPU
		{4F7091D7-D395-482B-97F9-294F3A02A755}.Release|Any CPU.Build.0 = Release|Any CPU
		{1A4F97A7-E557-469A-AB3A-BBEF0E39F8CC}.Debug|Any CPU.ActiveCfg = Debug|Any CPU
		{1A4F97A7-E557-469A-AB3A-BBEF0E39F8CC}.Debug|Any CPU.Build.0 = Debug|Any CPU
		{1A4F97A7-E557-469A-AB3A-BBEF0E39F8CC}.Release|Any CPU.ActiveCfg = Release|Any CPU
		{1A4F97A7-E557-469A-AB3A-BBEF0E39F8CC}.Release|Any CPU.Build.0 = Release|Any CPU
		{2EC3DBE7-E076-4DAF-8D05-0879A7DEE354}.Debug|Any CPU.ActiveCfg = Debug|Any CPU
		{2EC3DBE7-E076-4DAF-8D05-0879A7DEE354}.Debug|Any CPU.Build.0 = Debug|Any CPU
		{2EC3DBE7-E076-4DAF-8D05-0879A7DEE354}.Release|Any CPU.ActiveCfg = Release|Any CPU
		{2EC3DBE7-E076-4DAF-8D05-0879A7DEE354}.Release|Any CPU.Build.0 = Release|Any CPU
		{5F0AC07F-12FD-45B9-80C0-1E91E720B76E}.Debug|Any CPU.ActiveCfg = Debug|Any CPU
		{5F0AC07F-12FD-45B9-80C0-1E91E720B76E}.Debug|Any CPU.Build.0 = Debug|Any CPU
		{5F0AC07F-12FD-45B9-80C0-1E91E720B76E}.Release|Any CPU.ActiveCfg = Release|Any CPU
		{5F0AC07F-12FD-45B9-80C0-1E91E720B76E}.Release|Any CPU.Build.0 = Release|Any CPU
	EndGlobalSection
	GlobalSection(SolutionProperties) = preSolution
		HideSolutionNode = FALSE
	EndGlobalSection
	GlobalSection(ExtensibilityGlobals) = postSolution
		SolutionGuid = {517FE613-AA02-4B2F-97A6-CB07F6A10C5E}
	EndGlobalSection
EndGlobal
